
Microsoft Visual Studio Solution File, Format Version 12.00
# Visual Studio Version 17
VisualStudioVersion = 17.11.35312.102
MinimumVisualStudioVersion = 10.0.40219.1
Project("{9A19103F-16F7-4668-BE54-9A1E7A4F7556}") = "PostOfficeBackendProject", "PostOfficeBackendProject\PostOfficeBackendProject\PostOfficeBackendProject.csproj", "{253823F8-6005-464A-82B1-7B835B63F9AC}"
EndProject
Project("{9A19103F-16F7-4668-BE54-9A1E7A4F7556}") = "PostOfficeProject.Tests", "PostOfficeBackendProject\PostOfficeProject.Tests\PostOfficeProject.Tests.csproj", "{428F44A9-EE03-47A8-85A6-5B26C4BC9D8E}"
EndProject
Project("{9A19103F-16F7-4668-BE54-9A1E7A4F7556}") = "CommonDll", "..\Common\CommonDll\CommonDll.csproj", "{0829CF2C-5A33-47CE-BBC0-5E3B33270EF5}"
EndProject
Global
	GlobalSection(SolutionConfigurationPlatforms) = preSolution
		Debug|Any CPU = Debug|Any CPU
		Release|Any CPU = Release|Any CPU
	EndGlobalSection
	GlobalSection(ProjectConfigurationPlatforms) = postSolution
		{253823F8-6005-464A-82B1-7B835B63F9AC}.Debug|Any CPU.ActiveCfg = Debug|Any CPU
		{253823F8-6005-464A-82B1-7B835B63F9AC}.Debug|Any CPU.Build.0 = Debug|Any CPU
		{253823F8-6005-464A-82B1-7B835B63F9AC}.Release|Any CPU.ActiveCfg = Release|Any CPU
		{253823F8-6005-464A-82B1-7B835B63F9AC}.Release|Any CPU.Build.0 = Release|Any CPU
		{428F44A9-EE03-47A8-85A6-5B26C4BC9D8E}.Debug|Any CPU.ActiveCfg = Debug|Any CPU
		{428F44A9-EE03-47A8-85A6-5B26C4BC9D8E}.Debug|Any CPU.Build.0 = Debug|Any CPU
		{428F44A9-EE03-47A8-85A6-5B26C4BC9D8E}.Release|Any CPU.ActiveCfg = Release|Any CPU
		{428F44A9-EE03-47A8-85A6-5B26C4BC9D8E}.Release|Any CPU.Build.0 = Release|Any CPU
		{0829CF2C-5A33-47CE-BBC0-5E3B33270EF5}.Debug|Any CPU.ActiveCfg = Debug|Any CPU
		{0829CF2C-5A33-47CE-BBC0-5E3B33270EF5}.Debug|Any CPU.Build.0 = Debug|Any CPU
		{0829CF2C-5A33-47CE-BBC0-5E3B33270EF5}.Release|Any CPU.ActiveCfg = Release|Any CPU
		{0829CF2C-5A33-47CE-BBC0-5E3B33270EF5}.Release|Any CPU.Build.0 = Release|Any CPU
	EndGlobalSection
	GlobalSection(SolutionProperties) = preSolution
		HideSolutionNode = FALSE
	EndGlobalSection
	GlobalSection(ExtensibilityGlobals) = postSolution
		SolutionGuid = {7E28341F-FE67-4C24-BC48-6B55E24865D3}
	EndGlobalSection
EndGlobal
