
Microsoft Visual Studio Solution File, Format Version 12.00
# Visual Studio Version 17
VisualStudioVersion = 17.11.35312.102
MinimumVisualStudioVersion = 10.0.40219.1
Project("{2150E333-8FDC-42A3-9474-1A3956D46DE8}") = "src", "src", "{C9B03041-2CB0-4500-930C-5E2930149A5C}"
EndProject
Project("{2150E333-8FDC-42A3-9474-1A3956D46DE8}") = "Deployment", "Deployment", "{BC34FA16-ED8E-4C40-929D-AA87C450A1C6}"
EndProject
Project("{2150E333-8FDC-42A3-9474-1A3956D46DE8}") = "Api", "Api", "{1E771826-52BF-4886-A88E-C30358CA9CA3}"
EndProject
Project("{2150E333-8FDC-42A3-9474-1A3956D46DE8}") = "Common", "Common", "{865AEE8B-24CF-4037-AD26-8A0D1D83E1CD}"
EndProject
Project("{2150E333-8FDC-42A3-9474-1A3956D46DE8}") = "App", "App", "{EF395561-4043-4D71-968D-07C1300936D2}"
EndProject
Project("{2150E333-8FDC-42A3-9474-1A3956D46DE8}") = "MainApi", "MainApi", "{AA3F3A88-4AA0-4B39-8F9A-7A8C92E5CC83}"
EndProject
Project("{2150E333-8FDC-42A3-9474-1A3956D46DE8}") = "AAAApi", "AAAApi", "{B49C31BE-7C79-4983-86B2-DDB5D64188C2}"
EndProject
Project("{2150E333-8FDC-42A3-9474-1A3956D46DE8}") = "BlazorFrontend", "BlazorFrontend", "{970E577C-7148-4FB5-9FD6-68F89BB21887}"
EndProject
Project("{9A19103F-16F7-4668-BE54-9A1E7A4F7556}") = "AAA", "src\Api\AAAApi\AAA.csproj", "{191582DF-6938-4BB1-8724-22649B613249}"
EndProject
Project("{9A19103F-16F7-4668-BE54-9A1E7A4F7556}") = "PostOfficeProject.Core", "src\Api\MainApi\PostOfficeBackendProject\PostOfficeProject.Core.csproj", "{B8484E5F-6763-42C5-9D2E-56DC25BD1788}"
EndProject
Project("{9A19103F-16F7-4668-BE54-9A1E7A4F7556}") = "PostOfficeProject.Tests", "src\Api\MainApi\PostOfficeProject.Tests\PostOfficeProject.Tests.csproj", "{138DE769-FC5E-49B7-AF08-A4892AA9EE5C}"
EndProject
Project("{9A19103F-16F7-4668-BE54-9A1E7A4F7556}") = "CommonDll", "src\Common\CommonDll.csproj", "{FE4F9AE8-CAD8-4221-BB55-D3BDE2E2F1A0}"
EndProject
Project("{9A19103F-16F7-4668-BE54-9A1E7A4F7556}") = "PostOfficeFrontendProject", "src\App\BlazorFrontend\PostOfficeFrontendProject.csproj", "{ABC1170C-2D18-48A9-9FC8-F7C53326FA72}"
EndProject
Global
	GlobalSection(SolutionConfigurationPlatforms) = preSolution
		Debug|Any CPU = Debug|Any CPU
		Release|Any CPU = Release|Any CPU
	EndGlobalSection
	GlobalSection(ProjectConfigurationPlatforms) = postSolution
		{191582DF-6938-4BB1-8724-22649B613249}.Debug|Any CPU.ActiveCfg = Debug|Any CPU
		{191582DF-6938-4BB1-8724-22649B613249}.Debug|Any CPU.Build.0 = Debug|Any CPU
		{191582DF-6938-4BB1-8724-22649B613249}.Release|Any CPU.ActiveCfg = Release|Any CPU
		{191582DF-6938-4BB1-8724-22649B613249}.Release|Any CPU.Build.0 = Release|Any CPU
		{B8484E5F-6763-42C5-9D2E-56DC25BD1788}.Debug|Any CPU.ActiveCfg = Debug|Any CPU
		{B8484E5F-6763-42C5-9D2E-56DC25BD1788}.Debug|Any CPU.Build.0 = Debug|Any CPU
		{B8484E5F-6763-42C5-9D2E-56DC25BD1788}.Release|Any CPU.ActiveCfg = Release|Any CPU
		{B8484E5F-6763-42C5-9D2E-56DC25BD1788}.Release|Any CPU.Build.0 = Release|Any CPU
		{138DE769-FC5E-49B7-AF08-A4892AA9EE5C}.Debug|Any CPU.ActiveCfg = Debug|Any CPU
		{138DE769-FC5E-49B7-AF08-A4892AA9EE5C}.Debug|Any CPU.Build.0 = Debug|Any CPU
		{138DE769-FC5E-49B7-AF08-A4892AA9EE5C}.Release|Any CPU.ActiveCfg = Release|Any CPU
		{138DE769-FC5E-49B7-AF08-A4892AA9EE5C}.Release|Any CPU.Build.0 = Release|Any CPU
		{FE4F9AE8-CAD8-4221-BB55-D3BDE2E2F1A0}.Debug|Any CPU.ActiveCfg = Debug|Any CPU
		{FE4F9AE8-CAD8-4221-BB55-D3BDE2E2F1A0}.Debug|Any CPU.Build.0 = Debug|Any CPU
		{FE4F9AE8-CAD8-4221-BB55-D3BDE2E2F1A0}.Release|Any CPU.ActiveCfg = Release|Any CPU
		{FE4F9AE8-CAD8-4221-BB55-D3BDE2E2F1A0}.Release|Any CPU.Build.0 = Release|Any CPU
		{ABC1170C-2D18-48A9-9FC8-F7C53326FA72}.Debug|Any CPU.ActiveCfg = Debug|Any CPU
		{ABC1170C-2D18-48A9-9FC8-F7C53326FA72}.Debug|Any CPU.Build.0 = Debug|Any CPU
		{ABC1170C-2D18-48A9-9FC8-F7C53326FA72}.Release|Any CPU.ActiveCfg = Release|Any CPU
		{ABC1170C-2D18-48A9-9FC8-F7C53326FA72}.Release|Any CPU.Build.0 = Release|Any CPU
	EndGlobalSection
	GlobalSection(SolutionProperties) = preSolution
		HideSolutionNode = FALSE
	EndGlobalSection
	GlobalSection(NestedProjects) = preSolution
		{1E771826-52BF-4886-A88E-C30358CA9CA3} = {C9B03041-2CB0-4500-930C-5E2930149A5C}
		{865AEE8B-24CF-4037-AD26-8A0D1D83E1CD} = {C9B03041-2CB0-4500-930C-5E2930149A5C}
		{EF395561-4043-4D71-968D-07C1300936D2} = {C9B03041-2CB0-4500-930C-5E2930149A5C}
		{AA3F3A88-4AA0-4B39-8F9A-7A8C92E5CC83} = {1E771826-52BF-4886-A88E-C30358CA9CA3}
		{B49C31BE-7C79-4983-86B2-DDB5D64188C2} = {1E771826-52BF-4886-A88E-C30358CA9CA3}
		{970E577C-7148-4FB5-9FD6-68F89BB21887} = {EF395561-4043-4D71-968D-07C1300936D2}
		{191582DF-6938-4BB1-8724-22649B613249} = {B49C31BE-7C79-4983-86B2-DDB5D64188C2}
		{B8484E5F-6763-42C5-9D2E-56DC25BD1788} = {AA3F3A88-4AA0-4B39-8F9A-7A8C92E5CC83}
		{138DE769-FC5E-49B7-AF08-A4892AA9EE5C} = {AA3F3A88-4AA0-4B39-8F9A-7A8C92E5CC83}
		{FE4F9AE8-CAD8-4221-BB55-D3BDE2E2F1A0} = {865AEE8B-24CF-4037-AD26-8A0D1D83E1CD}
		{ABC1170C-2D18-48A9-9FC8-F7C53326FA72} = {970E577C-7148-4FB5-9FD6-68F89BB21887}
	EndGlobalSection
	GlobalSection(ExtensibilityGlobals) = postSolution
		SolutionGuid = {7418AA79-F50D-42AD-89BD-A9F262593C6E}
	EndGlobalSection
EndGlobal
