
Microsoft Visual Studio Solution File, Format Version 12.00
# Visual Studio Version 17
VisualStudioVersion = 17.11.35312.102
MinimumVisualStudioVersion = 10.0.40219.1
Project("{FAE04EC0-301F-11D3-BF4B-00C04F79EFBC}") = "AAA", "AAA\AAA.csproj", "{5A168ED5-6EDD-4423-82C2-8AF0E5AE8493}"
EndProject
Global
	GlobalSection(SolutionConfigurationPlatforms) = preSolution
		Debug|Any CPU = Debug|Any CPU
		Release|Any CPU = Release|Any CPU
	EndGlobalSection
	GlobalSection(ProjectConfigurationPlatforms) = postSolution
		{5A168ED5-6EDD-4423-82C2-8AF0E5AE8493}.Debug|Any CPU.ActiveCfg = Debug|Any CPU
		{5A168ED5-6EDD-4423-82C2-8AF0E5AE8493}.Debug|Any CPU.Build.0 = Debug|Any CPU
		{5A168ED5-6EDD-4423-82C2-8AF0E5AE8493}.Release|Any CPU.ActiveCfg = Release|Any CPU
		{5A168ED5-6EDD-4423-82C2-8AF0E5AE8493}.Release|Any CPU.Build.0 = Release|Any CPU
	EndGlobalSection
	GlobalSection(SolutionProperties) = preSolution
		HideSolutionNode = FALSE
	EndGlobalSection
	GlobalSection(ExtensibilityGlobals) = postSolution
		SolutionGuid = {46CD47AD-179E-4337-9674-66942B14E554}
	EndGlobalSection
EndGlobal
